
Microsoft Visual Studio Solution File, Format Version 12.00
# Visual Studio 2013
VisualStudioVersion = 12.0.30723.0
MinimumVisualStudioVersion = 10.0.40219.1
Project("{FAE04EC0-301F-11D3-BF4B-00C04F79EFBC}") = "ChangeMaker", "ChangeMaker\ChangeMaker.csproj", "{7B4E20FD-D3C6-4C3B-94EE-FE2F2091EA85}"
EndProject
Project("{2150E333-8FDC-42A3-9474-1A3956D46DE8}") = ".nuget", ".nuget", "{126CE625-08C7-4614-83C3-3FB1847DB4BF}"
	ProjectSection(SolutionItems) = preProject
		.nuget\packages.config = .nuget\packages.config
	EndProjectSection
EndProject
Global
	GlobalSection(SolutionConfigurationPlatforms) = preSolution
		Debug|Any CPU = Debug|Any CPU
		Release|Any CPU = Release|Any CPU
	EndGlobalSection
	GlobalSection(ProjectConfigurationPlatforms) = postSolution
		{7B4E20FD-D3C6-4C3B-94EE-FE2F2091EA85}.Debug|Any CPU.ActiveCfg = Debug|Any CPU
		{7B4E20FD-D3C6-4C3B-94EE-FE2F2091EA85}.Debug|Any CPU.Build.0 = Debug|Any CPU
		{7B4E20FD-D3C6-4C3B-94EE-FE2F2091EA85}.Release|Any CPU.ActiveCfg = Release|Any CPU
		{7B4E20FD-D3C6-4C3B-94EE-FE2F2091EA85}.Release|Any CPU.Build.0 = Release|Any CPU
	EndGlobalSection
	GlobalSection(SolutionProperties) = preSolution
		HideSolutionNode = FALSE
	EndGlobalSection
EndGlobal
